
Microsoft Visual Studio Solution File, Format Version 12.00
# Visual Studio 2012
Project("{2150E333-8FDC-42A3-9474-1A3956D46DE8}") = "Libraries", "Libraries", "{1519F35B-ADD7-4336-A975-B63093B48259}"
EndProject
Project("{2150E333-8FDC-42A3-9474-1A3956D46DE8}") = "Presentation", "Presentation", "{8DE536B7-6E73-416E-9A53-1C8D8DF0AAC3}"
EndProject
Project("{2150E333-8FDC-42A3-9474-1A3956D46DE8}") = "Tests", "Tests", "{9B70B7B8-806C-4FC2-9217-70481CEC0F61}"
EndProject
Project("{FAE04EC0-301F-11D3-BF4B-00C04F79EFBC}") = "Green.Core", "Libraries\Green.Core\Green.Core.csproj", "{6CF1BC48-043B-4F11-A93C-E8D576CA3735}"
EndProject
Project("{FAE04EC0-301F-11D3-BF4B-00C04F79EFBC}") = "Green.Data", "Libraries\Green.Data\Green.Data.csproj", "{1F3756DF-C3EC-4CA4-9F6F-EE201A203D6E}"
EndProject
Project("{FAE04EC0-301F-11D3-BF4B-00C04F79EFBC}") = "Green.Services", "Libraries\Green.Services\Green.Services.csproj", "{6CBBEDC0-0B65-4134-BD69-5C860A94378E}"
EndProject
Project("{FAE04EC0-301F-11D3-BF4B-00C04F79EFBC}") = "Green.Web.Framework", "Presentation\Green.Web.Framework\Green.Web.Framework.csproj", "{2AA2F84B-4ECD-4C73-9610-F54762D7A368}"
EndProject
Project("{FAE04EC0-301F-11D3-BF4B-00C04F79EFBC}") = "Green.Web", "Presentation\Green.Web\Green.Web.csproj", "{F2A6CC80-69EA-4900-B6BE-14CEC019A30C}"
EndProject
Global
	GlobalSection(SolutionConfigurationPlatforms) = preSolution
		Debug|Any CPU = Debug|Any CPU
		Release|Any CPU = Release|Any CPU
	EndGlobalSection
	GlobalSection(ProjectConfigurationPlatforms) = postSolution
		{6CF1BC48-043B-4F11-A93C-E8D576CA3735}.Debug|Any CPU.ActiveCfg = Debug|Any CPU
		{6CF1BC48-043B-4F11-A93C-E8D576CA3735}.Debug|Any CPU.Build.0 = Debug|Any CPU
		{6CF1BC48-043B-4F11-A93C-E8D576CA3735}.Release|Any CPU.ActiveCfg = Release|Any CPU
		{6CF1BC48-043B-4F11-A93C-E8D576CA3735}.Release|Any CPU.Build.0 = Release|Any CPU
		{734ED745-A22C-4974-BCAC-B080EEA511F9}.Debug|Any CPU.ActiveCfg = Debug|Any CPU
		{734ED745-A22C-4974-BCAC-B080EEA511F9}.Debug|Any CPU.Build.0 = Debug|Any CPU
		{734ED745-A22C-4974-BCAC-B080EEA511F9}.Release|Any CPU.ActiveCfg = Release|Any CPU
		{734ED745-A22C-4974-BCAC-B080EEA511F9}.Release|Any CPU.Build.0 = Release|Any CPU
		{6AEE649C-DBE5-4D8C-AA3D-6497489FA3A7}.Debug|Any CPU.ActiveCfg = Debug|Any CPU
		{6AEE649C-DBE5-4D8C-AA3D-6497489FA3A7}.Debug|Any CPU.Build.0 = Debug|Any CPU
		{6AEE649C-DBE5-4D8C-AA3D-6497489FA3A7}.Release|Any CPU.ActiveCfg = Release|Any CPU
		{6AEE649C-DBE5-4D8C-AA3D-6497489FA3A7}.Release|Any CPU.Build.0 = Release|Any CPU
		{CE5518DB-A0FE-4850-9A26-D11E7F4B40FB}.Debug|Any CPU.ActiveCfg = Debug|Any CPU
		{CE5518DB-A0FE-4850-9A26-D11E7F4B40FB}.Debug|Any CPU.Build.0 = Debug|Any CPU
		{CE5518DB-A0FE-4850-9A26-D11E7F4B40FB}.Release|Any CPU.ActiveCfg = Release|Any CPU
		{CE5518DB-A0FE-4850-9A26-D11E7F4B40FB}.Release|Any CPU.Build.0 = Release|Any CPU
		{66022CDA-F859-4FA3-9041-8E9C188D24F4}.Debug|Any CPU.ActiveCfg = Debug|Any CPU
		{66022CDA-F859-4FA3-9041-8E9C188D24F4}.Debug|Any CPU.Build.0 = Debug|Any CPU
		{66022CDA-F859-4FA3-9041-8E9C188D24F4}.Release|Any CPU.ActiveCfg = Release|Any CPU
		{66022CDA-F859-4FA3-9041-8E9C188D24F4}.Release|Any CPU.Build.0 = Release|Any CPU
		{1F3756DF-C3EC-4CA4-9F6F-EE201A203D6E}.Debug|Any CPU.ActiveCfg = Debug|Any CPU
		{1F3756DF-C3EC-4CA4-9F6F-EE201A203D6E}.Debug|Any CPU.Build.0 = Debug|Any CPU
		{1F3756DF-C3EC-4CA4-9F6F-EE201A203D6E}.Release|Any CPU.ActiveCfg = Release|Any CPU
		{1F3756DF-C3EC-4CA4-9F6F-EE201A203D6E}.Release|Any CPU.Build.0 = Release|Any CPU
		{6CBBEDC0-0B65-4134-BD69-5C860A94378E}.Debug|Any CPU.ActiveCfg = Debug|Any CPU
		{6CBBEDC0-0B65-4134-BD69-5C860A94378E}.Debug|Any CPU.Build.0 = Debug|Any CPU
		{6CBBEDC0-0B65-4134-BD69-5C860A94378E}.Release|Any CPU.ActiveCfg = Release|Any CPU
		{6CBBEDC0-0B65-4134-BD69-5C860A94378E}.Release|Any CPU.Build.0 = Release|Any CPU
		{2AA2F84B-4ECD-4C73-9610-F54762D7A368}.Debug|Any CPU.ActiveCfg = Debug|Any CPU
		{2AA2F84B-4ECD-4C73-9610-F54762D7A368}.Debug|Any CPU.Build.0 = Debug|Any CPU
		{2AA2F84B-4ECD-4C73-9610-F54762D7A368}.Release|Any CPU.ActiveCfg = Release|Any CPU
		{2AA2F84B-4ECD-4C73-9610-F54762D7A368}.Release|Any CPU.Build.0 = Release|Any CPU
		{F2A6CC80-69EA-4900-B6BE-14CEC019A30C}.Debug|Any CPU.ActiveCfg = Debug|Any CPU
		{F2A6CC80-69EA-4900-B6BE-14CEC019A30C}.Debug|Any CPU.Build.0 = Debug|Any CPU
		{F2A6CC80-69EA-4900-B6BE-14CEC019A30C}.Release|Any CPU.ActiveCfg = Release|Any CPU
		{F2A6CC80-69EA-4900-B6BE-14CEC019A30C}.Release|Any CPU.Build.0 = Release|Any CPU
	EndGlobalSection
	GlobalSection(NestedProjects) = preSolution
		{6CF1BC48-043B-4F11-A93C-E8D576CA3735} = {1519F35B-ADD7-4336-A975-B63093B48259}
		{734ED745-A22C-4974-BCAC-B080EEA511F9} = {1519F35B-ADD7-4336-A975-B63093B48259}
		{6AEE649C-DBE5-4D8C-AA3D-6497489FA3A7} = {1519F35B-ADD7-4336-A975-B63093B48259}
		{CE5518DB-A0FE-4850-9A26-D11E7F4B40FB} = {8DE536B7-6E73-416E-9A53-1C8D8DF0AAC3}
		{66022CDA-F859-4FA3-9041-8E9C188D24F4} = {8DE536B7-6E73-416E-9A53-1C8D8DF0AAC3}
		{1F3756DF-C3EC-4CA4-9F6F-EE201A203D6E} = {1519F35B-ADD7-4336-A975-B63093B48259}
		{6CBBEDC0-0B65-4134-BD69-5C860A94378E} = {1519F35B-ADD7-4336-A975-B63093B48259}
		{2AA2F84B-4ECD-4C73-9610-F54762D7A368} = {8DE536B7-6E73-416E-9A53-1C8D8DF0AAC3}
		{F2A6CC80-69EA-4900-B6BE-14CEC019A30C} = {8DE536B7-6E73-416E-9A53-1C8D8DF0AAC3}
	EndGlobalSection
EndGlobal
